
Microsoft Visual Studio Solution File, Format Version 12.00
# Visual Studio Version 16
VisualStudioVersion = 16.0.32106.194
MinimumVisualStudioVersion = 10.0.40219.1
Project("{8BC9CEB8-8B4A-11D0-8D11-00A0C91BC942}") = "modeler", "modeler.vcxproj", "{BE036B08-A463-45F9-81BC-CD83DD7FE47F}"
EndProject
Global
	GlobalSection(SolutionConfigurationPlatforms) = preSolution
		Debug|x86 = Debug|x86
		Release|x86 = Release|x86
	EndGlobalSection
	GlobalSection(ProjectConfigurationPlatforms) = postSolution
		{BE036B08-A463-45F9-81BC-CD83DD7FE47F}.Debug|x86.ActiveCfg = Debug|Win32
		{BE036B08-A463-45F9-81BC-CD83DD7FE47F}.Debug|x86.Build.0 = Debug|Win32
		{BE036B08-A463-45F9-81BC-CD83DD7FE47F}.Release|x86.ActiveCfg = Release|Win32
		{BE036B08-A463-45F9-81BC-CD83DD7FE47F}.Release|x86.Build.0 = Release|Win32
	EndGlobalSection
	GlobalSection(SolutionProperties) = preSolution
		HideSolutionNode = FALSE
	EndGlobalSection
	GlobalSection(ExtensibilityGlobals) = postSolution
		SolutionGuid = {6B15D6ED-1E18-4D08-BC5C-DADD5A65B6C5}
	EndGlobalSection
EndGlobal
